// !$*UTF8*$!
{
	archiveVersion = 1;
	classes = {
	};
	objectVersion = 51;
	objects = {

/* Begin PBXBuildFile section */
		085DEBD725198E2D00BA82EC /* AppDelegate.m in Sources */ = {isa = PBXBuildFile; fileRef = 085DEBD625198E2D00BA82EC /* AppDelegate.m */; };
		085DEBE225198E3000BA82EC /* Assets.xcassets in Resources */ = {isa = PBXBuildFile; fileRef = 085DEBE125198E3000BA82EC /* Assets.xcassets */; };
		085DEBE525198E3000BA82EC /* LaunchScreen.storyboard in Resources */ = {isa = PBXBuildFile; fileRef = 085DEBE325198E3000BA82EC /* LaunchScreen.storyboard */; };
		085DEBE825198E3000BA82EC /* main.m in Sources */ = {isa = PBXBuildFile; fileRef = 085DEBE725198E3000BA82EC /* main.m */; };
		085DEBF225198E3100BA82EC /* VideosTests.m in Sources */ = {isa = PBXBuildFile; fileRef = 085DEBF125198E3100BA82EC /* VideosTests.m */; };
		085DEBFD25198E3100BA82EC /* VideosUITests.m in Sources */ = {isa = PBXBuildFile; fileRef = 085DEBFC25198E3100BA82EC /* VideosUITests.m */; };
		085DEC592519922A00BA82EC /* MVPlayerViewController.m in Sources */ = {isa = PBXBuildFile; fileRef = 085DEC582519922A00BA82EC /* MVPlayerViewController.m */; };
		085DEC61251993A700BA82EC /* MVVideoModel.m in Sources */ = {isa = PBXBuildFile; fileRef = 085DEC60251993A700BA82EC /* MVVideoModel.m */; };
		085DEC672519964400BA82EC /* MVVideoView.m in Sources */ = {isa = PBXBuildFile; fileRef = 085DEC662519964400BA82EC /* MVVideoView.m */; };
		085DEC6E251997C900BA82EC /* MVVideoViewModel.m in Sources */ = {isa = PBXBuildFile; fileRef = 085DEC6D251997C900BA82EC /* MVVideoViewModel.m */; };
		085DEC7A2519995A00BA82EC /* MVVideoControlView.m in Sources */ = {isa = PBXBuildFile; fileRef = 085DEC792519995A00BA82EC /* MVVideoControlView.m */; };
		085DEC8125199E9A00BA82EC /* MVSliderView.m in Sources */ = {isa = PBXBuildFile; fileRef = 085DEC8025199E9A00BA82EC /* MVSliderView.m */; };
		085DEC8A2519A06100BA82EC /* MVLineLoadingView.m in Sources */ = {isa = PBXBuildFile; fileRef = 085DEC892519A06100BA82EC /* MVLineLoadingView.m */; };
		085DECA62519ACAF00BA82EC /* MVVideoPlayer.m in Sources */ = {isa = PBXBuildFile; fileRef = 085DECA52519ACAF00BA82EC /* MVVideoPlayer.m */; };
		085DECAC2519AE1D00BA82EC /* MVDoubleLikeView.m in Sources */ = {isa = PBXBuildFile; fileRef = 085DECAB2519AE1D00BA82EC /* MVDoubleLikeView.m */; };
		085DECB22519AEB400BA82EC /* MVPanGestureRecognizer.m in Sources */ = {isa = PBXBuildFile; fileRef = 085DECB12519AEB300BA82EC /* MVPanGestureRecognizer.m */; };
		085DECB82519B36700BA82EC /* MVLikeView.m in Sources */ = {isa = PBXBuildFile; fileRef = 085DECB72519B36700BA82EC /* MVLikeView.m */; };
		085DECBD2519B41200BA82EC /* video.json in Resources */ = {isa = PBXBuildFile; fileRef = 085DECBC2519B41200BA82EC /* video.json */; };
		085DECFE2519D3B900BA82EC /* MVCommentView.m in Sources */ = {isa = PBXBuildFile; fileRef = 085DECFD2519D3B900BA82EC /* MVCommentView.m */; };
		085DED042519D41700BA82EC /* MVCommentViewModel.m in Sources */ = {isa = PBXBuildFile; fileRef = 085DED032519D41700BA82EC /* MVCommentViewModel.m */; };
		085DED0A2519DCCA00BA82EC /* MVSlidePopupView.m in Sources */ = {isa = PBXBuildFile; fileRef = 085DED092519DCCA00BA82EC /* MVSlidePopupView.m */; };
		9EDE46931B74006A00F76D45 /* Pods_Videos_VideosUITests.framework in Frameworks */ = {isa = PBXBuildFile; fileRef = 35F75D1C294DF257F4DB4A7C /* Pods_Videos_VideosUITests.framework */; };
		AC457B842607F7DD7939FE5D /* Pods_VideosTests.framework in Frameworks */ = {isa = PBXBuildFile; fileRef = EE3F7CC4E9D6D19564D01597 /* Pods_VideosTests.framework */; };
		B495111FA1AAF6E761EE3099 /* Pods_Videos.framework in Frameworks */ = {isa = PBXBuildFile; fileRef = D3925360E79916D805E20D64 /* Pods_Videos.framework */; };
/* End PBXBuildFile section */

/* Begin PBXContainerItemProxy section */
		085DEBEE25198E3100BA82EC /* PBXContainerItemProxy */ = {
			isa = PBXContainerItemProxy;
			containerPortal = 085DEBCA25198E2D00BA82EC /* Project object */;
			proxyType = 1;
			remoteGlobalIDString = 085DEBD125198E2D00BA82EC;
			remoteInfo = Videos;
		};
		085DEBF925198E3100BA82EC /* PBXContainerItemProxy */ = {
			isa = PBXContainerItemProxy;
			containerPortal = 085DEBCA25198E2D00BA82EC /* Project object */;
			proxyType = 1;
			remoteGlobalIDString = 085DEBD125198E2D00BA82EC;
			remoteInfo = Videos;
		};
/* End PBXContainerItemProxy section */

/* Begin PBXFileReference section */
		085DEBD225198E2D00BA82EC /* Videos.app */ = {isa = PBXFileReference; explicitFileType = wrapper.application; includeInIndex = 0; path = Videos.app; sourceTree = BUILT_PRODUCTS_DIR; };
		085DEBD525198E2D00BA82EC /* AppDelegate.h */ = {isa = PBXFileReference; lastKnownFileType = sourcecode.c.h; path = AppDelegate.h; sourceTree = "<group>"; };
		085DEBD625198E2D00BA82EC /* AppDelegate.m */ = {isa = PBXFileReference; lastKnownFileType = sourcecode.c.objc; path = AppDelegate.m; sourceTree = "<group>"; };
		085DEBE125198E3000BA82EC /* Assets.xcassets */ = {isa = PBXFileReference; lastKnownFileType = folder.assetcatalog; path = Assets.xcassets; sourceTree = "<group>"; };
		085DEBE425198E3000BA82EC /* Base */ = {isa = PBXFileReference; lastKnownFileType = file.storyboard; name = Base; path = Base.lproj/LaunchScreen.storyboard; sourceTree = "<group>"; };
		085DEBE625198E3000BA82EC /* Info.plist */ = {isa = PBXFileReference; lastKnownFileType = text.plist.xml; path = Info.plist; sourceTree = "<group>"; };
		085DEBE725198E3000BA82EC /* main.m */ = {isa = PBXFileReference; lastKnownFileType = sourcecode.c.objc; path = main.m; sourceTree = "<group>"; };
		085DEBED25198E3100BA82EC /* VideosTests.xctest */ = {isa = PBXFileReference; explicitFileType = wrapper.cfbundle; includeInIndex = 0; path = VideosTests.xctest; sourceTree = BUILT_PRODUCTS_DIR; };
		085DEBF125198E3100BA82EC /* VideosTests.m */ = {isa = PBXFileReference; lastKnownFileType = sourcecode.c.objc; path = VideosTests.m; sourceTree = "<group>"; };
		085DEBF325198E3100BA82EC /* Info.plist */ = {isa = PBXFileReference; lastKnownFileType = text.plist.xml; path = Info.plist; sourceTree = "<group>"; };
		085DEBF825198E3100BA82EC /* VideosUITests.xctest */ = {isa = PBXFileReference; explicitFileType = wrapper.cfbundle; includeInIndex = 0; path = VideosUITests.xctest; sourceTree = BUILT_PRODUCTS_DIR; };
		085DEBFC25198E3100BA82EC /* VideosUITests.m */ = {isa = PBXFileReference; lastKnownFileType = sourcecode.c.objc; path = VideosUITests.m; sourceTree = "<group>"; };
		085DEBFE25198E3100BA82EC /* Info.plist */ = {isa = PBXFileReference; lastKnownFileType = text.plist.xml; path = Info.plist; sourceTree = "<group>"; };
		085DEC572519922A00BA82EC /* MVPlayerViewController.h */ = {isa = PBXFileReference; lastKnownFileType = sourcecode.c.h; path = MVPlayerViewController.h; sourceTree = "<group>"; };
		085DEC582519922A00BA82EC /* MVPlayerViewController.m */ = {isa = PBXFileReference; lastKnownFileType = sourcecode.c.objc; path = MVPlayerViewController.m; sourceTree = "<group>"; };
		085DEC5F251993A700BA82EC /* MVVideoModel.h */ = {isa = PBXFileReference; lastKnownFileType = sourcecode.c.h; path = MVVideoModel.h; sourceTree = "<group>"; };
		085DEC60251993A700BA82EC /* MVVideoModel.m */ = {isa = PBXFileReference; lastKnownFileType = sourcecode.c.objc; path = MVVideoModel.m; sourceTree = "<group>"; };
		085DEC652519964400BA82EC /* MVVideoView.h */ = {isa = PBXFileReference; lastKnownFileType = sourcecode.c.h; path = MVVideoView.h; sourceTree = "<group>"; };
		085DEC662519964400BA82EC /* MVVideoView.m */ = {isa = PBXFileReference; lastKnownFileType = sourcecode.c.objc; path = MVVideoView.m; sourceTree = "<group>"; };
		085DEC6C251997C900BA82EC /* MVVideoViewModel.h */ = {isa = PBXFileReference; lastKnownFileType = sourcecode.c.h; path = MVVideoViewModel.h; sourceTree = "<group>"; };
		085DEC6D251997C900BA82EC /* MVVideoViewModel.m */ = {isa = PBXFileReference; lastKnownFileType = sourcecode.c.objc; path = MVVideoViewModel.m; sourceTree = "<group>"; };
		085DEC782519995A00BA82EC /* MVVideoControlView.h */ = {isa = PBXFileReference; lastKnownFileType = sourcecode.c.h; path = MVVideoControlView.h; sourceTree = "<group>"; };
		085DEC792519995A00BA82EC /* MVVideoControlView.m */ = {isa = PBXFileReference; lastKnownFileType = sourcecode.c.objc; path = MVVideoControlView.m; sourceTree = "<group>"; };
		085DEC7F25199E9A00BA82EC /* MVSliderView.h */ = {isa = PBXFileReference; lastKnownFileType = sourcecode.c.h; path = MVSliderView.h; sourceTree = "<group>"; };
		085DEC8025199E9A00BA82EC /* MVSliderView.m */ = {isa = PBXFileReference; lastKnownFileType = sourcecode.c.objc; path = MVSliderView.m; sourceTree = "<group>"; };
		085DEC882519A06100BA82EC /* MVLineLoadingView.h */ = {isa = PBXFileReference; lastKnownFileType = sourcecode.c.h; path = MVLineLoadingView.h; sourceTree = "<group>"; };
		085DEC892519A06100BA82EC /* MVLineLoadingView.m */ = {isa = PBXFileReference; lastKnownFileType = sourcecode.c.objc; path = MVLineLoadingView.m; sourceTree = "<group>"; };
		085DEC972519A79300BA82EC /* PrefixHeader.pch */ = {isa = PBXFileReference; lastKnownFileType = sourcecode.c.h; path = PrefixHeader.pch; sourceTree = "<group>"; };
		085DECA42519ACAF00BA82EC /* MVVideoPlayer.h */ = {isa = PBXFileReference; lastKnownFileType = sourcecode.c.h; path = MVVideoPlayer.h; sourceTree = "<group>"; };
		085DECA52519ACAF00BA82EC /* MVVideoPlayer.m */ = {isa = PBXFileReference; lastKnownFileType = sourcecode.c.objc; path = MVVideoPlayer.m; sourceTree = "<group>"; };
		085DECAA2519AE1D00BA82EC /* MVDoubleLikeView.h */ = {isa = PBXFileReference; lastKnownFileType = sourcecode.c.h; path = MVDoubleLikeView.h; sourceTree = "<group>"; };
		085DECAB2519AE1D00BA82EC /* MVDoubleLikeView.m */ = {isa = PBXFileReference; lastKnownFileType = sourcecode.c.objc; path = MVDoubleLikeView.m; sourceTree = "<group>"; };
		085DECB02519AEB300BA82EC /* MVPanGestureRecognizer.h */ = {isa = PBXFileReference; lastKnownFileType = sourcecode.c.h; path = MVPanGestureRecognizer.h; sourceTree = "<group>"; };
		085DECB12519AEB300BA82EC /* MVPanGestureRecognizer.m */ = {isa = PBXFileReference; lastKnownFileType = sourcecode.c.objc; path = MVPanGestureRecognizer.m; sourceTree = "<group>"; };
		085DECB62519B36700BA82EC /* MVLikeView.h */ = {isa = PBXFileReference; lastKnownFileType = sourcecode.c.h; path = MVLikeView.h; sourceTree = "<group>"; };
		085DECB72519B36700BA82EC /* MVLikeView.m */ = {isa = PBXFileReference; lastKnownFileType = sourcecode.c.objc; path = MVLikeView.m; sourceTree = "<group>"; };
		085DECBC2519B41200BA82EC /* video.json */ = {isa = PBXFileReference; fileEncoding = 4; lastKnownFileType = text.json; path = video.json; sourceTree = "<group>"; };
		085DECFC2519D3B900BA82EC /* MVCommentView.h */ = {isa = PBXFileReference; lastKnownFileType = sourcecode.c.h; path = MVCommentView.h; sourceTree = "<group>"; };
		085DECFD2519D3B900BA82EC /* MVCommentView.m */ = {isa = PBXFileReference; lastKnownFileType = sourcecode.c.objc; path = MVCommentView.m; sourceTree = "<group>"; };
		085DED022519D41700BA82EC /* MVCommentViewModel.h */ = {isa = PBXFileReference; lastKnownFileType = sourcecode.c.h; path = MVCommentViewModel.h; sourceTree = "<group>"; };
		085DED032519D41700BA82EC /* MVCommentViewModel.m */ = {isa = PBXFileReference; lastKnownFileType = sourcecode.c.objc; path = MVCommentViewModel.m; sourceTree = "<group>"; };
		085DED082519DCCA00BA82EC /* MVSlidePopupView.h */ = {isa = PBXFileReference; lastKnownFileType = sourcecode.c.h; path = MVSlidePopupView.h; sourceTree = "<group>"; };
		085DED092519DCCA00BA82EC /* MVSlidePopupView.m */ = {isa = PBXFileReference; lastKnownFileType = sourcecode.c.objc; path = MVSlidePopupView.m; sourceTree = "<group>"; };
		085DED0E2519DDF900BA82EC /* MVSlidePopupViewContentDelegate.h */ = {isa = PBXFileReference; lastKnownFileType = sourcecode.c.h; path = MVSlidePopupViewContentDelegate.h; sourceTree = "<group>"; };
		11506DF20F4D59295E590DFF /* Pods-Videos-VideosUITests.release.xcconfig */ = {isa = PBXFileReference; includeInIndex = 1; lastKnownFileType = text.xcconfig; name = "Pods-Videos-VideosUITests.release.xcconfig"; path = "Target Support Files/Pods-Videos-VideosUITests/Pods-Videos-VideosUITests.release.xcconfig"; sourceTree = "<group>"; };
		25BF4B4A6B357EF02872C6ED /* Pods-Videos-VideosUITests.debug.xcconfig */ = {isa = PBXFileReference; includeInIndex = 1; lastKnownFileType = text.xcconfig; name = "Pods-Videos-VideosUITests.debug.xcconfig"; path = "Target Support Files/Pods-Videos-VideosUITests/Pods-Videos-VideosUITests.debug.xcconfig"; sourceTree = "<group>"; };
		35F75D1C294DF257F4DB4A7C /* Pods_Videos_VideosUITests.framework */ = {isa = PBXFileReference; explicitFileType = wrapper.framework; includeInIndex = 0; path = Pods_Videos_VideosUITests.framework; sourceTree = BUILT_PRODUCTS_DIR; };
		4BB3D3CC468A7949F861D34E /* Pods-Videos.release.xcconfig */ = {isa = PBXFileReference; includeInIndex = 1; lastKnownFileType = text.xcconfig; name = "Pods-Videos.release.xcconfig"; path = "Target Support Files/Pods-Videos/Pods-Videos.release.xcconfig"; sourceTree = "<group>"; };
		8C4163442F1E8F13EE9C9F5F /* Pods-VideosTests.release.xcconfig */ = {isa = PBXFileReference; includeInIndex = 1; lastKnownFileType = text.xcconfig; name = "Pods-VideosTests.release.xcconfig"; path = "Target Support Files/Pods-VideosTests/Pods-VideosTests.release.xcconfig"; sourceTree = "<group>"; };
		B5B1B31A063B1682F0FD67A1 /* Pods-Videos.debug.xcconfig */ = {isa = PBXFileReference; includeInIndex = 1; lastKnownFileType = text.xcconfig; name = "Pods-Videos.debug.xcconfig"; path = "Target Support Files/Pods-Videos/Pods-Videos.debug.xcconfig"; sourceTree = "<group>"; };
		D3925360E79916D805E20D64 /* Pods_Videos.framework */ = {isa = PBXFileReference; explicitFileType = wrapper.framework; includeInIndex = 0; path = Pods_Videos.framework; sourceTree = BUILT_PRODUCTS_DIR; };
		EE3F7CC4E9D6D19564D01597 /* Pods_VideosTests.framework */ = {isa = PBXFileReference; explicitFileType = wrapper.framework; includeInIndex = 0; path = Pods_VideosTests.framework; sourceTree = BUILT_PRODUCTS_DIR; };
		EF5968AF9400B8A2E59FDECF /* Pods-VideosTests.debug.xcconfig */ = {isa = PBXFileReference; includeInIndex = 1; lastKnownFileType = text.xcconfig; name = "Pods-VideosTests.debug.xcconfig"; path = "Target Support Files/Pods-VideosTests/Pods-VideosTests.debug.xcconfig"; sourceTree = "<group>"; };
/* End PBXFileReference section */

/* Begin PBXFrameworksBuildPhase section */
		085DEBCF25198E2D00BA82EC /* Frameworks */ = {
			isa = PBXFrameworksBuildPhase;
			buildActionMask = 2147483647;
			files = (
				B495111FA1AAF6E761EE3099 /* Pods_Videos.framework in Frameworks */,
			);
			runOnlyForDeploymentPostprocessing = 0;
		};
		085DEBEA25198E3100BA82EC /* Frameworks */ = {
			isa = PBXFrameworksBuildPhase;
			buildActionMask = 2147483647;
			files = (
				AC457B842607F7DD7939FE5D /* Pods_VideosTests.framework in Frameworks */,
			);
			runOnlyForDeploymentPostprocessing = 0;
		};
		085DEBF525198E3100BA82EC /* Frameworks */ = {
			isa = PBXFrameworksBuildPhase;
			buildActionMask = 2147483647;
			files = (
				9EDE46931B74006A00F76D45 /* Pods_Videos_VideosUITests.framework in Frameworks */,
			);
			runOnlyForDeploymentPostprocessing = 0;
		};
/* End PBXFrameworksBuildPhase section */

/* Begin PBXGroup section */
		067A05F0F33E734E22BC57F3 /* Frameworks */ = {
			isa = PBXGroup;
			children = (
				D3925360E79916D805E20D64 /* Pods_Videos.framework */,
				35F75D1C294DF257F4DB4A7C /* Pods_Videos_VideosUITests.framework */,
				EE3F7CC4E9D6D19564D01597 /* Pods_VideosTests.framework */,
			);
			name = Frameworks;
			sourceTree = "<group>";
		};
		085DEBC925198E2D00BA82EC = {
			isa = PBXGroup;
			children = (
				085DEBD425198E2D00BA82EC /* Videos */,
				085DEBF025198E3100BA82EC /* VideosTests */,
				085DEBFB25198E3100BA82EC /* VideosUITests */,
				085DEBD325198E2D00BA82EC /* Products */,
				DED911EB02177CC566A36F6B /* Pods */,
				067A05F0F33E734E22BC57F3 /* Frameworks */,
			);
			sourceTree = "<group>";
		};
		085DEBD325198E2D00BA82EC /* Products */ = {
			isa = PBXGroup;
			children = (
				085DEBD225198E2D00BA82EC /* Videos.app */,
				085DEBED25198E3100BA82EC /* VideosTests.xctest */,
				085DEBF825198E3100BA82EC /* VideosUITests.xctest */,
			);
			name = Products;
			sourceTree = "<group>";
		};
		085DEBD425198E2D00BA82EC /* Videos */ = {
			isa = PBXGroup;
			children = (
				085DEC972519A79300BA82EC /* PrefixHeader.pch */,
				085DEC4725198FA900BA82EC /* Delegate */,
				085DEC3025198EFC00BA82EC /* Classes */,
				085DEC2925198EF200BA82EC /* Resources */,
				085DEBE125198E3000BA82EC /* Assets.xcassets */,
				085DEBE325198E3000BA82EC /* LaunchScreen.storyboard */,
				085DEBE625198E3000BA82EC /* Info.plist */,
				085DEBE725198E3000BA82EC /* main.m */,
			);
			path = Videos;
			sourceTree = "<group>";
		};
		085DEBF025198E3100BA82EC /* VideosTests */ = {
			isa = PBXGroup;
			children = (
				085DEBF125198E3100BA82EC /* VideosTests.m */,
				085DEBF325198E3100BA82EC /* Info.plist */,
			);
			path = VideosTests;
			sourceTree = "<group>";
		};
		085DEBFB25198E3100BA82EC /* VideosUITests */ = {
			isa = PBXGroup;
			children = (
				085DEBFC25198E3100BA82EC /* VideosUITests.m */,
				085DEBFE25198E3100BA82EC /* Info.plist */,
			);
			path = VideosUITests;
			sourceTree = "<group>";
		};
		085DEC2925198EF200BA82EC /* Resources */ = {
			isa = PBXGroup;
			children = (
				085DECBC2519B41200BA82EC /* video.json */,
			);
			path = Resources;
			sourceTree = "<group>";
		};
		085DEC3025198EFC00BA82EC /* Classes */ = {
			isa = PBXGroup;
			children = (
				085DEC7E25199A6600BA82EC /* Component */,
				085DEC6B251997AB00BA82EC /* ViewModel */,
				085DEC5E2519936500BA82EC /* Views */,
				085DEC5D2519935F00BA82EC /* Model */,
				085DEC3A25198F2700BA82EC /* Controller */,
			);
			path = Classes;
			sourceTree = "<group>";
		};
		085DEC3A25198F2700BA82EC /* Controller */ = {
			isa = PBXGroup;
			children = (
				085DEC572519922A00BA82EC /* MVPlayerViewController.h */,
				085DEC582519922A00BA82EC /* MVPlayerViewController.m */,
			);
			path = Controller;
			sourceTree = "<group>";
		};
		085DEC4725198FA900BA82EC /* Delegate */ = {
			isa = PBXGroup;
			children = (
				085DEBD525198E2D00BA82EC /* AppDelegate.h */,
				085DEBD625198E2D00BA82EC /* AppDelegate.m */,
			);
			path = Delegate;
			sourceTree = "<group>";
		};
		085DEC5D2519935F00BA82EC /* Model */ = {
			isa = PBXGroup;
			children = (
				085DEC5F251993A700BA82EC /* MVVideoModel.h */,
				085DEC60251993A700BA82EC /* MVVideoModel.m */,
			);
			path = Model;
			sourceTree = "<group>";
		};
		085DEC5E2519936500BA82EC /* Views */ = {
			isa = PBXGroup;
			children = (
				085DEC652519964400BA82EC /* MVVideoView.h */,
				085DEC662519964400BA82EC /* MVVideoView.m */,
				085DEC782519995A00BA82EC /* MVVideoControlView.h */,
				085DEC792519995A00BA82EC /* MVVideoControlView.m */,
				085DECFC2519D3B900BA82EC /* MVCommentView.h */,
				085DECFD2519D3B900BA82EC /* MVCommentView.m */,
				085DED082519DCCA00BA82EC /* MVSlidePopupView.h */,
				085DED092519DCCA00BA82EC /* MVSlidePopupView.m */,
				085DED0E2519DDF900BA82EC /* MVSlidePopupViewContentDelegate.h */,
			);
			path = Views;
			sourceTree = "<group>";
		};
		085DEC6B251997AB00BA82EC /* ViewModel */ = {
			isa = PBXGroup;
			children = (
				085DEC6C251997C900BA82EC /* MVVideoViewModel.h */,
				085DEC6D251997C900BA82EC /* MVVideoViewModel.m */,
				085DED022519D41700BA82EC /* MVCommentViewModel.h */,
				085DED032519D41700BA82EC /* MVCommentViewModel.m */,
			);
			path = ViewModel;
			sourceTree = "<group>";
		};
		085DEC7E25199A6600BA82EC /* Component */ = {
			isa = PBXGroup;
			children = (
				085DEC7F25199E9A00BA82EC /* MVSliderView.h */,
				085DEC8025199E9A00BA82EC /* MVSliderView.m */,
				085DEC882519A06100BA82EC /* MVLineLoadingView.h */,
				085DEC892519A06100BA82EC /* MVLineLoadingView.m */,
				085DECA42519ACAF00BA82EC /* MVVideoPlayer.h */,
				085DECA52519ACAF00BA82EC /* MVVideoPlayer.m */,
				085DECAA2519AE1D00BA82EC /* MVDoubleLikeView.h */,
				085DECAB2519AE1D00BA82EC /* MVDoubleLikeView.m */,
				085DECB02519AEB300BA82EC /* MVPanGestureRecognizer.h */,
				085DECB12519AEB300BA82EC /* MVPanGestureRecognizer.m */,
				085DECB62519B36700BA82EC /* MVLikeView.h */,
				085DECB72519B36700BA82EC /* MVLikeView.m */,
			);
			path = Component;
			sourceTree = "<group>";
		};
		DED911EB02177CC566A36F6B /* Pods */ = {
			isa = PBXGroup;
			children = (
				B5B1B31A063B1682F0FD67A1 /* Pods-Videos.debug.xcconfig */,
				4BB3D3CC468A7949F861D34E /* Pods-Videos.release.xcconfig */,
				25BF4B4A6B357EF02872C6ED /* Pods-Videos-VideosUITests.debug.xcconfig */,
				11506DF20F4D59295E590DFF /* Pods-Videos-VideosUITests.release.xcconfig */,
				EF5968AF9400B8A2E59FDECF /* Pods-VideosTests.debug.xcconfig */,
				8C4163442F1E8F13EE9C9F5F /* Pods-VideosTests.release.xcconfig */,
			);
			path = Pods;
			sourceTree = "<group>";
		};
/* End PBXGroup section */

/* Begin PBXNativeTarget section */
		085DEBD125198E2D00BA82EC /* Videos */ = {
			isa = PBXNativeTarget;
			buildConfigurationList = 085DEC0125198E3100BA82EC /* Build configuration list for PBXNativeTarget "Videos" */;
			buildPhases = (
				E7D55777FFC61D97960F561C /* [CP] Check Pods Manifest.lock */,
				085DEBCE25198E2D00BA82EC /* Sources */,
				085DEBCF25198E2D00BA82EC /* Frameworks */,
				085DEBD025198E2D00BA82EC /* Resources */,
				827FD9E36C144D19EBED26B3 /* [CP] Embed Pods Frameworks */,
			);
			buildRules = (
			);
			dependencies = (
			);
			name = Videos;
			productName = Videos;
			productReference = 085DEBD225198E2D00BA82EC /* Videos.app */;
			productType = "com.apple.product-type.application";
		};
		085DEBEC25198E3100BA82EC /* VideosTests */ = {
			isa = PBXNativeTarget;
			buildConfigurationList = 085DEC0425198E3100BA82EC /* Build configuration list for PBXNativeTarget "VideosTests" */;
			buildPhases = (
				7BC9A8C04D3F070B61E99EFD /* [CP] Check Pods Manifest.lock */,
				085DEBE925198E3100BA82EC /* Sources */,
				085DEBEA25198E3100BA82EC /* Frameworks */,
				085DEBEB25198E3100BA82EC /* Resources */,
			);
			buildRules = (
			);
			dependencies = (
				085DEBEF25198E3100BA82EC /* PBXTargetDependency */,
			);
			name = VideosTests;
			productName = VideosTests;
			productReference = 085DEBED25198E3100BA82EC /* VideosTests.xctest */;
			productType = "com.apple.product-type.bundle.unit-test";
		};
		085DEBF725198E3100BA82EC /* VideosUITests */ = {
			isa = PBXNativeTarget;
			buildConfigurationList = 085DEC0725198E3100BA82EC /* Build configuration list for PBXNativeTarget "VideosUITests" */;
			buildPhases = (
				5A4E778A33DE5CC070A1D3E4 /* [CP] Check Pods Manifest.lock */,
				085DEBF425198E3100BA82EC /* Sources */,
				085DEBF525198E3100BA82EC /* Frameworks */,
				085DEBF625198E3100BA82EC /* Resources */,
				3BDDCD7577751A4304FCBFF5 /* [CP] Embed Pods Frameworks */,
			);
			buildRules = (
			);
			dependencies = (
				085DEBFA25198E3100BA82EC /* PBXTargetDependency */,
			);
			name = VideosUITests;
			productName = VideosUITests;
			productReference = 085DEBF825198E3100BA82EC /* VideosUITests.xctest */;
			productType = "com.apple.product-type.bundle.ui-testing";
		};
/* End PBXNativeTarget section */

/* Begin PBXProject section */
		085DEBCA25198E2D00BA82EC /* Project object */ = {
			isa = PBXProject;
			attributes = {
				LastUpgradeCheck = 1200;
				TargetAttributes = {
					085DEBD125198E2D00BA82EC = {
						CreatedOnToolsVersion = 12.0;
					};
					085DEBEC25198E3100BA82EC = {
						CreatedOnToolsVersion = 12.0;
						TestTargetID = 085DEBD125198E2D00BA82EC;
					};
					085DEBF725198E3100BA82EC = {
						CreatedOnToolsVersion = 12.0;
						TestTargetID = 085DEBD125198E2D00BA82EC;
					};
				};
			};
			buildConfigurationList = 085DEBCD25198E2D00BA82EC /* Build configuration list for PBXProject "Videos" */;
			compatibilityVersion = "Xcode 9.3";
			developmentRegion = en;
			hasScannedForEncodings = 0;
			knownRegions = (
				en,
				Base,
			);
			mainGroup = 085DEBC925198E2D00BA82EC;
			productRefGroup = 085DEBD325198E2D00BA82EC /* Products */;
			projectDirPath = "";
			projectRoot = "";
			targets = (
				085DEBD125198E2D00BA82EC /* Videos */,
				085DEBEC25198E3100BA82EC /* VideosTests */,
				085DEBF725198E3100BA82EC /* VideosUITests */,
			);
		};
/* End PBXProject section */

/* Begin PBXResourcesBuildPhase section */
		085DEBD025198E2D00BA82EC /* Resources */ = {
			isa = PBXResourcesBuildPhase;
			buildActionMask = 2147483647;
			files = (
				085DEBE525198E3000BA82EC /* LaunchScreen.storyboard in Resources */,
				085DEBE225198E3000BA82EC /* Assets.xcassets in Resources */,
				085DECBD2519B41200BA82EC /* video.json in Resources */,
			);
			runOnlyForDeploymentPostprocessing = 0;
		};
		085DEBEB25198E3100BA82EC /* Resources */ = {
			isa = PBXResourcesBuildPhase;
			buildActionMask = 2147483647;
			files = (
			);
			runOnlyForDeploymentPostprocessing = 0;
		};
		085DEBF625198E3100BA82EC /* Resources */ = {
			isa = PBXResourcesBuildPhase;
			buildActionMask = 2147483647;
			files = (
			);
			runOnlyForDeploymentPostprocessing = 0;
		};
/* End PBXResourcesBuildPhase section */

/* Begin PBXShellScriptBuildPhase section */
		3BDDCD7577751A4304FCBFF5 /* [CP] Embed Pods Frameworks */ = {
			isa = PBXShellScriptBuildPhase;
			buildActionMask = 2147483647;
			files = (
			);
			inputFileListPaths = (
				"${PODS_ROOT}/Target Support Files/Pods-Videos-VideosUITests/Pods-Videos-VideosUITests-frameworks-${CONFIGURATION}-input-files.xcfilelist",
			);
			name = "[CP] Embed Pods Frameworks";
			outputFileListPaths = (
				"${PODS_ROOT}/Target Support Files/Pods-Videos-VideosUITests/Pods-Videos-VideosUITests-frameworks-${CONFIGURATION}-output-files.xcfilelist",
			);
			runOnlyForDeploymentPostprocessing = 0;
			shellPath = /bin/sh;
			shellScript = "\"${PODS_ROOT}/Target Support Files/Pods-Videos-VideosUITests/Pods-Videos-VideosUITests-frameworks.sh\"\n";
			showEnvVarsInLog = 0;
		};
		5A4E778A33DE5CC070A1D3E4 /* [CP] Check Pods Manifest.lock */ = {
			isa = PBXShellScriptBuildPhase;
			buildActionMask = 2147483647;
			files = (
			);
			inputFileListPaths = (
			);
			inputPaths = (
				"${PODS_PODFILE_DIR_PATH}/Podfile.lock",
				"${PODS_ROOT}/Manifest.lock",
			);
			name = "[CP] Check Pods Manifest.lock";
			outputFileListPaths = (
			);
			outputPaths = (
				"$(DERIVED_FILE_DIR)/Pods-Videos-VideosUITests-checkManifestLockResult.txt",
			);
			runOnlyForDeploymentPostprocessing = 0;
			shellPath = /bin/sh;
			shellScript = "diff \"${PODS_PODFILE_DIR_PATH}/Podfile.lock\" \"${PODS_ROOT}/Manifest.lock\" > /dev/null\nif [ $? != 0 ] ; then\n    # print error to STDERR\n    echo \"error: The sandbox is not in sync with the Podfile.lock. Run 'pod install' or update your CocoaPods installation.\" >&2\n    exit 1\nfi\n# This output is used by Xcode 'outputs' to avoid re-running this script phase.\necho \"SUCCESS\" > \"${SCRIPT_OUTPUT_FILE_0}\"\n";
			showEnvVarsInLog = 0;
		};
		7BC9A8C04D3F070B61E99EFD /* [CP] Check Pods Manifest.lock */ = {
			isa = PBXShellScriptBuildPhase;
			buildActionMask = 2147483647;
			files = (
			);
			inputFileListPaths = (
			);
			inputPaths = (
				"${PODS_PODFILE_DIR_PATH}/Podfile.lock",
				"${PODS_ROOT}/Manifest.lock",
			);
			name = "[CP] Check Pods Manifest.lock";
			outputFileListPaths = (
			);
			outputPaths = (
				"$(DERIVED_FILE_DIR)/Pods-VideosTests-checkManifestLockResult.txt",
			);
			runOnlyForDeploymentPostprocessing = 0;
			shellPath = /bin/sh;
			shellScript = "diff \"${PODS_PODFILE_DIR_PATH}/Podfile.lock\" \"${PODS_ROOT}/Manifest.lock\" > /dev/null\nif [ $? != 0 ] ; then\n    # print error to STDERR\n    echo \"error: The sandbox is not in sync with the Podfile.lock. Run 'pod install' or update your CocoaPods installation.\" >&2\n    exit 1\nfi\n# This output is used by Xcode 'outputs' to avoid re-running this script phase.\necho \"SUCCESS\" > \"${SCRIPT_OUTPUT_FILE_0}\"\n";
			showEnvVarsInLog = 0;
		};
		827FD9E36C144D19EBED26B3 /* [CP] Embed Pods Frameworks */ = {
			isa = PBXShellScriptBuildPhase;
			buildActionMask = 2147483647;
			files = (
			);
			inputFileListPaths = (
				"${PODS_ROOT}/Target Support Files/Pods-Videos/Pods-Videos-frameworks-${CONFIGURATION}-input-files.xcfilelist",
			);
			name = "[CP] Embed Pods Frameworks";
			outputFileListPaths = (
				"${PODS_ROOT}/Target Support Files/Pods-Videos/Pods-Videos-frameworks-${CONFIGURATION}-output-files.xcfilelist",
			);
			runOnlyForDeploymentPostprocessing = 0;
			shellPath = /bin/sh;
			shellScript = "\"${PODS_ROOT}/Target Support Files/Pods-Videos/Pods-Videos-frameworks.sh\"\n";
			showEnvVarsInLog = 0;
		};
		E7D55777FFC61D97960F561C /* [CP] Check Pods Manifest.lock */ = {
			isa = PBXShellScriptBuildPhase;
			buildActionMask = 2147483647;
			files = (
			);
			inputFileListPaths = (
			);
			inputPaths = (
				"${PODS_PODFILE_DIR_PATH}/Podfile.lock",
				"${PODS_ROOT}/Manifest.lock",
			);
			name = "[CP] Check Pods Manifest.lock";
			outputFileListPaths = (
			);
			outputPaths = (
				"$(DERIVED_FILE_DIR)/Pods-Videos-checkManifestLockResult.txt",
			);
			runOnlyForDeploymentPostprocessing = 0;
			shellPath = /bin/sh;
			shellScript = "diff \"${PODS_PODFILE_DIR_PATH}/Podfile.lock\" \"${PODS_ROOT}/Manifest.lock\" > /dev/null\nif [ $? != 0 ] ; then\n    # print error to STDERR\n    echo \"error: The sandbox is not in sync with the Podfile.lock. Run 'pod install' or update your CocoaPods installation.\" >&2\n    exit 1\nfi\n# This output is used by Xcode 'outputs' to avoid re-running this script phase.\necho \"SUCCESS\" > \"${SCRIPT_OUTPUT_FILE_0}\"\n";
			showEnvVarsInLog = 0;
		};
/* End PBXShellScriptBuildPhase section */

/* Begin PBXSourcesBuildPhase section */
		085DEBCE25198E2D00BA82EC /* Sources */ = {
			isa = PBXSourcesBuildPhase;
			buildActionMask = 2147483647;
			files = (
				085DECA62519ACAF00BA82EC /* MVVideoPlayer.m in Sources */,
				085DED042519D41700BA82EC /* MVCommentViewModel.m in Sources */,
				085DEBD725198E2D00BA82EC /* AppDelegate.m in Sources */,
				085DEC6E251997C900BA82EC /* MVVideoViewModel.m in Sources */,
				085DEC7A2519995A00BA82EC /* MVVideoControlView.m in Sources */,
				085DEC8125199E9A00BA82EC /* MVSliderView.m in Sources */,
				085DECB82519B36700BA82EC /* MVLikeView.m in Sources */,
				085DECFE2519D3B900BA82EC /* MVCommentView.m in Sources */,
				085DEC61251993A700BA82EC /* MVVideoModel.m in Sources */,
				085DECAC2519AE1D00BA82EC /* MVDoubleLikeView.m in Sources */,
				085DEBE825198E3000BA82EC /* main.m in Sources */,
				085DECB22519AEB400BA82EC /* MVPanGestureRecognizer.m in Sources */,
				085DEC8A2519A06100BA82EC /* MVLineLoadingView.m in Sources */,
				085DEC672519964400BA82EC /* MVVideoView.m in Sources */,
				085DED0A2519DCCA00BA82EC /* MVSlidePopupView.m in Sources */,
				085DEC592519922A00BA82EC /* MVPlayerViewController.m in Sources */,
			);
			runOnlyForDeploymentPostprocessing = 0;
		};
		085DEBE925198E3100BA82EC /* Sources */ = {
			isa = PBXSourcesBuildPhase;
			buildActionMask = 2147483647;
			files = (
				085DEBF225198E3100BA82EC /* VideosTests.m in Sources */,
			);
			runOnlyForDeploymentPostprocessing = 0;
		};
		085DEBF425198E3100BA82EC /* Sources */ = {
			isa = PBXSourcesBuildPhase;
			buildActionMask = 2147483647;
			files = (
				085DEBFD25198E3100BA82EC /* VideosUITests.m in Sources */,
			);
			runOnlyForDeploymentPostprocessing = 0;
		};
/* End PBXSourcesBuildPhase section */

/* Begin PBXTargetDependency section */
		085DEBEF25198E3100BA82EC /* PBXTargetDependency */ = {
			isa = PBXTargetDependency;
			target = 085DEBD125198E2D00BA82EC /* Videos */;
			targetProxy = 085DEBEE25198E3100BA82EC /* PBXContainerItemProxy */;
		};
		085DEBFA25198E3100BA82EC /* PBXTargetDependency */ = {
			isa = PBXTargetDependency;
			target = 085DEBD125198E2D00BA82EC /* Videos */;
			targetProxy = 085DEBF925198E3100BA82EC /* PBXContainerItemProxy */;
		};
/* End PBXTargetDependency section */

/* Begin PBXVariantGroup section */
		085DEBE325198E3000BA82EC /* LaunchScreen.storyboard */ = {
			isa = PBXVariantGroup;
			children = (
				085DEBE425198E3000BA82EC /* Base */,
			);
			name = LaunchScreen.storyboard;
			sourceTree = "<group>";
		};
/* End PBXVariantGroup section */

/* Begin XCBuildConfiguration section */
		085DEBFF25198E3100BA82EC /* Debug */ = {
			isa = XCBuildConfiguration;
			buildSettings = {
				ALWAYS_SEARCH_USER_PATHS = NO;
				CLANG_ANALYZER_NONNULL = YES;
				CLANG_ANALYZER_NUMBER_OBJECT_CONVERSION = YES_AGGRESSIVE;
				CLANG_CXX_LANGUAGE_STANDARD = "gnu++14";
				CLANG_CXX_LIBRARY = "libc++";
				CLANG_ENABLE_MODULES = YES;
				CLANG_ENABLE_OBJC_ARC = YES;
				CLANG_ENABLE_OBJC_WEAK = YES;
				CLANG_WARN_BLOCK_CAPTURE_AUTORELEASING = YES;
				CLANG_WARN_BOOL_CONVERSION = YES;
				CLANG_WARN_COMMA = YES;
				CLANG_WARN_CONSTANT_CONVERSION = YES;
				CLANG_WARN_DEPRECATED_OBJC_IMPLEMENTATIONS = YES;
				CLANG_WARN_DIRECT_OBJC_ISA_USAGE = YES_ERROR;
				CLANG_WARN_DOCUMENTATION_COMMENTS = YES;
				CLANG_WARN_EMPTY_BODY = YES;
				CLANG_WARN_ENUM_CONVERSION = YES;
				CLANG_WARN_INFINITE_RECURSION = YES;
				CLANG_WARN_INT_CONVERSION = YES;
				CLANG_WARN_NON_LITERAL_NULL_CONVERSION = YES;
				CLANG_WARN_OBJC_IMPLICIT_RETAIN_SELF = YES;
				CLANG_WARN_OBJC_LITERAL_CONVERSION = YES;
				CLANG_WARN_OBJC_ROOT_CLASS = YES_ERROR;
				CLANG_WARN_QUOTED_INCLUDE_IN_FRAMEWORK_HEADER = YES;
				CLANG_WARN_RANGE_LOOP_ANALYSIS = YES;
				CLANG_WARN_STRICT_PROTOTYPES = YES;
				CLANG_WARN_SUSPICIOUS_MOVE = YES;
				CLANG_WARN_UNGUARDED_AVAILABILITY = YES_AGGRESSIVE;
				CLANG_WARN_UNREACHABLE_CODE = YES;
				CLANG_WARN__DUPLICATE_METHOD_MATCH = YES;
				COPY_PHASE_STRIP = NO;
				DEBUG_INFORMATION_FORMAT = dwarf;
				ENABLE_STRICT_OBJC_MSGSEND = YES;
				ENABLE_TESTABILITY = YES;
				GCC_C_LANGUAGE_STANDARD = gnu11;
				GCC_DYNAMIC_NO_PIC = NO;
				GCC_NO_COMMON_BLOCKS = YES;
				GCC_OPTIMIZATION_LEVEL = 0;
				GCC_PREPROCESSOR_DEFINITIONS = (
					"DEBUG=1",
					"$(inherited)",
				);
				GCC_WARN_64_TO_32_BIT_CONVERSION = YES;
				GCC_WARN_ABOUT_RETURN_TYPE = YES_ERROR;
				GCC_WARN_UNDECLARED_SELECTOR = YES;
				GCC_WARN_UNINITIALIZED_AUTOS = YES_AGGRESSIVE;
				GCC_WARN_UNUSED_FUNCTION = YES;
				GCC_WARN_UNUSED_VARIABLE = YES;
				IPHONEOS_DEPLOYMENT_TARGET = 14.0;
				MTL_ENABLE_DEBUG_INFO = INCLUDE_SOURCE;
				MTL_FAST_MATH = YES;
				ONLY_ACTIVE_ARCH = YES;
				SDKROOT = iphoneos;
			};
			name = Debug;
		};
		085DEC0025198E3100BA82EC /* Release */ = {
			isa = XCBuildConfiguration;
			buildSettings = {
				ALWAYS_SEARCH_USER_PATHS = NO;
				CLANG_ANALYZER_NONNULL = YES;
				CLANG_ANALYZER_NUMBER_OBJECT_CONVERSION = YES_AGGRESSIVE;
				CLANG_CXX_LANGUAGE_STANDARD = "gnu++14";
				CLANG_CXX_LIBRARY = "libc++";
				CLANG_ENABLE_MODULES = YES;
				CLANG_ENABLE_OBJC_ARC = YES;
				CLANG_ENABLE_OBJC_WEAK = YES;
				CLANG_WARN_BLOCK_CAPTURE_AUTORELEASING = YES;
				CLANG_WARN_BOOL_CONVERSION = YES;
				CLANG_WARN_COMMA = YES;
				CLANG_WARN_CONSTANT_CONVERSION = YES;
				CLANG_WARN_DEPRECATED_OBJC_IMPLEMENTATIONS = YES;
				CLANG_WARN_DIRECT_OBJC_ISA_USAGE = YES_ERROR;
				CLANG_WARN_DOCUMENTATION_COMMENTS = YES;
				CLANG_WARN_EMPTY_BODY = YES;
				CLANG_WARN_ENUM_CONVERSION = YES;
				CLANG_WARN_INFINITE_RECURSION = YES;
				CLANG_WARN_INT_CONVERSION = YES;
				CLANG_WARN_NON_LITERAL_NULL_CONVERSION = YES;
				CLANG_WARN_OBJC_IMPLICIT_RETAIN_SELF = YES;
				CLANG_WARN_OBJC_LITERAL_CONVERSION = YES;
				CLANG_WARN_OBJC_ROOT_CLASS = YES_ERROR;
				CLANG_WARN_QUOTED_INCLUDE_IN_FRAMEWORK_HEADER = YES;
				CLANG_WARN_RANGE_LOOP_ANALYSIS = YES;
				CLANG_WARN_STRICT_PROTOTYPES = YES;
				CLANG_WARN_SUSPICIOUS_MOVE = YES;
				CLANG_WARN_UNGUARDED_AVAILABILITY = YES_AGGRESSIVE;
				CLANG_WARN_UNREACHABLE_CODE = YES;
				CLANG_WARN__DUPLICATE_METHOD_MATCH = YES;
				COPY_PHASE_STRIP = NO;
				DEBUG_INFORMATION_FORMAT = "dwarf-with-dsym";
				ENABLE_NS_ASSERTIONS = NO;
				ENABLE_STRICT_OBJC_MSGSEND = YES;
				GCC_C_LANGUAGE_STANDARD = gnu11;
				GCC_NO_COMMON_BLOCKS = YES;
				GCC_WARN_64_TO_32_BIT_CONVERSION = YES;
				GCC_WARN_ABOUT_RETURN_TYPE = YES_ERROR;
				GCC_WARN_UNDECLARED_SELECTOR = YES;
				GCC_WARN_UNINITIALIZED_AUTOS = YES_AGGRESSIVE;
				GCC_WARN_UNUSED_FUNCTION = YES;
				GCC_WARN_UNUSED_VARIABLE = YES;
				IPHONEOS_DEPLOYMENT_TARGET = 14.0;
				MTL_ENABLE_DEBUG_INFO = NO;
				MTL_FAST_MATH = YES;
				SDKROOT = iphoneos;
				VALIDATE_PRODUCT = YES;
			};
			name = Release;
		};
		085DEC0225198E3100BA82EC /* Debug */ = {
			isa = XCBuildConfiguration;
			baseConfigurationReference = B5B1B31A063B1682F0FD67A1 /* Pods-Videos.debug.xcconfig */;
			buildSettings = {
				ASSETCATALOG_COMPILER_APPICON_NAME = AppIcon;
				ASSETCATALOG_COMPILER_GLOBAL_ACCENT_COLOR_NAME = AccentColor;
				CODE_SIGN_STYLE = Automatic;
				DEVELOPMENT_TEAM = SX29V57VT7;
				GCC_PRECOMPILE_PREFIX_HEADER = YES;
				GCC_PREFIX_HEADER = Videos/PrefixHeader.pch;
				INFOPLIST_FILE = Videos/Info.plist;
				LD_RUNPATH_SEARCH_PATHS = (
					"$(inherited)",
					"@executable_path/Frameworks",
				);
				PRODUCT_BUNDLE_IDENTIFIER = cc.cc.Videos;
				PRODUCT_NAME = "$(TARGET_NAME)";
				TARGETED_DEVICE_FAMILY = "1,2";
			};
			name = Debug;
		};
		085DEC0325198E3100BA82EC /* Release */ = {
			isa = XCBuildConfiguration;
			baseConfigurationReference = 4BB3D3CC468A7949F861D34E /* Pods-Videos.release.xcconfig */;
			buildSettings = {
				ASSETCATALOG_COMPILER_APPICON_NAME = AppIcon;
				ASSETCATALOG_COMPILER_GLOBAL_ACCENT_COLOR_NAME = AccentColor;
				CODE_SIGN_STYLE = Automatic;
				DEVELOPMENT_TEAM = SX29V57VT7;
				GCC_PRECOMPILE_PREFIX_HEADER = YES;
				GCC_PREFIX_HEADER = Videos/PrefixHeader.pch;
				INFOPLIST_FILE = Videos/Info.plist;
				LD_RUNPATH_SEARCH_PATHS = (
					"$(inherited)",
					"@executable_path/Frameworks",
				);
				PRODUCT_BUNDLE_IDENTIFIER = cc.cc.Videos;
				PRODUCT_NAME = "$(TARGET_NAME)";
				TARGETED_DEVICE_FAMILY = "1,2";
			};
			name = Release;
		};
		085DEC0525198E3100BA82EC /* Debug */ = {
			isa = XCBuildConfiguration;
			baseConfigurationReference = EF5968AF9400B8A2E59FDECF /* Pods-VideosTests.debug.xcconfig */;
			buildSettings = {
				BUNDLE_LOADER = "$(TEST_HOST)";
				CODE_SIGN_STYLE = Automatic;
				DEVELOPMENT_TEAM = SX29V57VT7;
				INFOPLIST_FILE = VideosTests/Info.plist;
				IPHONEOS_DEPLOYMENT_TARGET = 14.0;
				LD_RUNPATH_SEARCH_PATHS = (
					"$(inherited)",
					"@executable_path/Frameworks",
					"@loader_path/Frameworks",
				);
				PRODUCT_BUNDLE_IDENTIFIER = cc.cc.VideosTests;
				PRODUCT_NAME = "$(TARGET_NAME)";
				TARGETED_DEVICE_FAMILY = "1,2";
				TEST_HOST = "$(BUILT_PRODUCTS_DIR)/Videos.app/Videos";
			};
			name = Debug;
		};
		085DEC0625198E3100BA82EC /* Release */ = {
			isa = XCBuildConfiguration;
			baseConfigurationReference = 8C4163442F1E8F13EE9C9F5F /* Pods-VideosTests.release.xcconfig */;
			buildSettings = {
				BUNDLE_LOADER = "$(TEST_HOST)";
				CODE_SIGN_STYLE = Automatic;
				DEVELOPMENT_TEAM = SX29V57VT7;
				INFOPLIST_FILE = VideosTests/Info.plist;
				IPHONEOS_DEPLOYMENT_TARGET = 14.0;
				LD_RUNPATH_SEARCH_PATHS = (
					"$(inherited)",
					"@executable_path/Frameworks",
					"@loader_path/Frameworks",
				);
				PRODUCT_BUNDLE_IDENTIFIER = cc.cc.VideosTests;
				PRODUCT_NAME = "$(TARGET_NAME)";
				TARGETED_DEVICE_FAMILY = "1,2";
				TEST_HOST = "$(BUILT_PRODUCTS_DIR)/Videos.app/Videos";
			};
			name = Release;
		};
		085DEC0825198E3100BA82EC /* Debug */ = {
			isa = XCBuildConfiguration;
			baseConfigurationReference = 25BF4B4A6B357EF02872C6ED /* Pods-Videos-VideosUITests.debug.xcconfig */;
			buildSettings = {
				CODE_SIGN_STYLE = Automatic;
				DEVELOPMENT_TEAM = SX29V57VT7;
				INFOPLIST_FILE = VideosUITests/Info.plist;
				LD_RUNPATH_SEARCH_PATHS = (
					"$(inherited)",
					"@executable_path/Frameworks",
					"@loader_path/Frameworks",
				);
				PRODUCT_BUNDLE_IDENTIFIER = cc.cc.VideosUITests;
				PRODUCT_NAME = "$(TARGET_NAME)";
				TARGETED_DEVICE_FAMILY = "1,2";
				TEST_TARGET_NAME = Videos;
			};
			name = Debug;
		};
		085DEC0925198E3100BA82EC /* Release */ = {
			isa = XCBuildConfiguration;
			baseConfigurationReference = 11506DF20F4D59295E590DFF /* Pods-Videos-VideosUITests.release.xcconfig */;
			buildSettings = {
				CODE_SIGN_STYLE = Automatic;
				DEVELOPMENT_TEAM = SX29V57VT7;
				INFOPLIST_FILE = VideosUITests/Info.plist;
				LD_RUNPATH_SEARCH_PATHS = (
					"$(inherited)",
					"@executable_path/Frameworks",
					"@loader_path/Frameworks",
				);
				PRODUCT_BUNDLE_IDENTIFIER = cc.cc.VideosUITests;
				PRODUCT_NAME = "$(TARGET_NAME)";
				TARGETED_DEVICE_FAMILY = "1,2";
				TEST_TARGET_NAME = Videos;
			};
			name = Release;
		};
/* End XCBuildConfiguration section */

/* Begin XCConfigurationList section */
		085DEBCD25198E2D00BA82EC /* Build configuration list for PBXProject "Videos" */ = {
			isa = XCConfigurationList;
			buildConfigurations = (
				085DEBFF25198E3100BA82EC /* Debug */,
				085DEC0025198E3100BA82EC /* Release */,
			);
			defaultConfigurationIsVisible = 0;
			defaultConfigurationName = Release;
		};
		085DEC0125198E3100BA82EC /* Build configuration list for PBXNativeTarget "Videos" */ = {
			isa = XCConfigurationList;
			buildConfigurations = (
				085DEC0225198E3100BA82EC /* Debug */,
				085DEC0325198E3100BA82EC /* Release */,
			);
			defaultConfigurationIsVisible = 0;
			defaultConfigurationName = Release;
		};
		085DEC0425198E3100BA82EC /* Build configuration list for PBXNativeTarget "VideosTests" */ = {
			isa = XCConfigurationList;
			buildConfigurations = (
				085DEC0525198E3100BA82EC /* Debug */,
				085DEC0625198E3100BA82EC /* Release */,
			);
			defaultConfigurationIsVisible = 0;
			defaultConfigurationName = Release;
		};
		085DEC0725198E3100BA82EC /* Build configuration list for PBXNativeTarget "VideosUITests" */ = {
			isa = XCConfigurationList;
			buildConfigurations = (
				085DEC0825198E3100BA82EC /* Debug */,
				085DEC0925198E3100BA82EC /* Release */,
			);
			defaultConfigurationIsVisible = 0;
			defaultConfigurationName = Release;
		};
/* End XCConfigurationList section */
	};
	rootObject = 085DEBCA25198E2D00BA82EC /* Project object */;
}
